
Microsoft Visual Studio Solution File, Format Version 12.00
# Visual Studio Version 17
VisualStudioVersion = 17.8.34511.84
MinimumVisualStudioVersion = 10.0.40219.1
Project("{8BC9CEB8-8B4A-11D0-8D11-00A0C91BC942}") = "RPG-Final", "RPG-Final\RPG-Final.vcxproj", "{79B5E6D6-37F9-430D-B3C0-7FEF0099C9CF}"
EndProject
Global
	GlobalSection(SolutionConfigurationPlatforms) = preSolution
		Debug|x64 = Debug|x64
		Debug|x86 = Debug|x86
		Release|x64 = Release|x64
		Release|x86 = Release|x86
	EndGlobalSection
	GlobalSection(ProjectConfigurationPlatforms) = postSolution
		{79B5E6D6-37F9-430D-B3C0-7FEF0099C9CF}.Debug|x64.ActiveCfg = Release|x64
		{79B5E6D6-37F9-430D-B3C0-7FEF0099C9CF}.Debug|x64.Build.0 = Release|x64
		{79B5E6D6-37F9-430D-B3C0-7FEF0099C9CF}.Debug|x86.ActiveCfg = Debug|Win32
		{79B5E6D6-37F9-430D-B3C0-7FEF0099C9CF}.Debug|x86.Build.0 = Debug|Win32
		{79B5E6D6-37F9-430D-B3C0-7FEF0099C9CF}.Release|x64.ActiveCfg = Release|x64
		{79B5E6D6-37F9-430D-B3C0-7FEF0099C9CF}.Release|x64.Build.0 = Release|x64
		{79B5E6D6-37F9-430D-B3C0-7FEF0099C9CF}.Release|x86.ActiveCfg = Release|Win32
		{79B5E6D6-37F9-430D-B3C0-7FEF0099C9CF}.Release|x86.Build.0 = Release|Win32
	EndGlobalSection
	GlobalSection(SolutionProperties) = preSolution
		HideSolutionNode = FALSE
	EndGlobalSection
	GlobalSection(ExtensibilityGlobals) = postSolution
		SolutionGuid = {DFCFCD95-C52D-4D97-91C2-7A79490308D9}
	EndGlobalSection
EndGlobal
